
Microsoft Visual Studio Solution File, Format Version 12.00
# Visual Studio Version 17
VisualStudioVersion = 17.3.32922.545
MinimumVisualStudioVersion = 10.0.40219.1
Project("{2150E333-8FDC-42A3-9474-1A3956D46DE8}") = "Services", "Services", "{BB0D2E0B-86F5-48F7-9ADC-6D686B13F8B3}"
EndProject
Project("{2150E333-8FDC-42A3-9474-1A3956D46DE8}") = "SysAdmin", "SysAdmin", "{7945BAC6-59B7-47E0-821A-DDA3368D27B2}"
EndProject
Project("{2150E333-8FDC-42A3-9474-1A3956D46DE8}") = "Core", "Core", "{5E1D181C-4F88-446A-AFDB-A7BDF5E4FCEE}"
EndProject
Project("{9A19103F-16F7-4668-BE54-9A1E7A4F7556}") = "Base30.Core", "Base30.Core\Base30.Core.csproj", "{3E6A2101-00FC-4827-B637-2B71BD34CA34}"
EndProject
Project("{9A19103F-16F7-4668-BE54-9A1E7A4F7556}") = "Base30.SysAdmin.Application", "Base30.SysAdmin.Application\Base30.SysAdmin.Application.csproj", "{8E0AFD60-B59B-4297-84F2-279E0852847A}"
EndProject
Project("{9A19103F-16F7-4668-BE54-9A1E7A4F7556}") = "Base30.SysAdmin.Domain", "Base30.SysAdmin.Domain\Base30.SysAdmin.Domain.csproj", "{03AC3B13-3ED4-44BE-90E4-0A7AEF462245}"
EndProject
Project("{9A19103F-16F7-4668-BE54-9A1E7A4F7556}") = "Base30.SysAdmin.Data", "Base30.SysAdmin.Data\Base30.SysAdmin.Data.csproj", "{8CF6EC89-59A7-402E-8E78-6601F4A14987}"
EndProject
Project("{2150E333-8FDC-42A3-9474-1A3956D46DE8}") = "Investor", "Investor", "{4DF8A76C-99F9-4CDD-9A39-579242A477BF}"
EndProject
Project("{9A19103F-16F7-4668-BE54-9A1E7A4F7556}") = "Base30.Investor.Application", "Base30.Investor\Base30.Investor.Application.csproj", "{F73BBD5F-1E08-4BA8-9EBC-B293499C6343}"
EndProject
Global
	GlobalSection(SolutionConfigurationPlatforms) = preSolution
		Debug|Any CPU = Debug|Any CPU
		Release|Any CPU = Release|Any CPU
	EndGlobalSection
	GlobalSection(ProjectConfigurationPlatforms) = postSolution
		{3E6A2101-00FC-4827-B637-2B71BD34CA34}.Debug|Any CPU.ActiveCfg = Debug|Any CPU
		{3E6A2101-00FC-4827-B637-2B71BD34CA34}.Debug|Any CPU.Build.0 = Debug|Any CPU
		{3E6A2101-00FC-4827-B637-2B71BD34CA34}.Release|Any CPU.ActiveCfg = Release|Any CPU
		{3E6A2101-00FC-4827-B637-2B71BD34CA34}.Release|Any CPU.Build.0 = Release|Any CPU
		{8E0AFD60-B59B-4297-84F2-279E0852847A}.Debug|Any CPU.ActiveCfg = Debug|Any CPU
		{8E0AFD60-B59B-4297-84F2-279E0852847A}.Debug|Any CPU.Build.0 = Debug|Any CPU
		{8E0AFD60-B59B-4297-84F2-279E0852847A}.Release|Any CPU.ActiveCfg = Release|Any CPU
		{8E0AFD60-B59B-4297-84F2-279E0852847A}.Release|Any CPU.Build.0 = Release|Any CPU
		{03AC3B13-3ED4-44BE-90E4-0A7AEF462245}.Debug|Any CPU.ActiveCfg = Debug|Any CPU
		{03AC3B13-3ED4-44BE-90E4-0A7AEF462245}.Debug|Any CPU.Build.0 = Debug|Any CPU
		{03AC3B13-3ED4-44BE-90E4-0A7AEF462245}.Release|Any CPU.ActiveCfg = Release|Any CPU
		{03AC3B13-3ED4-44BE-90E4-0A7AEF462245}.Release|Any CPU.Build.0 = Release|Any CPU
		{8CF6EC89-59A7-402E-8E78-6601F4A14987}.Debug|Any CPU.ActiveCfg = Debug|Any CPU
		{8CF6EC89-59A7-402E-8E78-6601F4A14987}.Debug|Any CPU.Build.0 = Debug|Any CPU
		{8CF6EC89-59A7-402E-8E78-6601F4A14987}.Release|Any CPU.ActiveCfg = Release|Any CPU
		{8CF6EC89-59A7-402E-8E78-6601F4A14987}.Release|Any CPU.Build.0 = Release|Any CPU
		{F73BBD5F-1E08-4BA8-9EBC-B293499C6343}.Debug|Any CPU.ActiveCfg = Debug|Any CPU
		{F73BBD5F-1E08-4BA8-9EBC-B293499C6343}.Debug|Any CPU.Build.0 = Debug|Any CPU
		{F73BBD5F-1E08-4BA8-9EBC-B293499C6343}.Release|Any CPU.ActiveCfg = Release|Any CPU
		{F73BBD5F-1E08-4BA8-9EBC-B293499C6343}.Release|Any CPU.Build.0 = Release|Any CPU
	EndGlobalSection
	GlobalSection(SolutionProperties) = preSolution
		HideSolutionNode = FALSE
	EndGlobalSection
	GlobalSection(NestedProjects) = preSolution
		{7945BAC6-59B7-47E0-821A-DDA3368D27B2} = {BB0D2E0B-86F5-48F7-9ADC-6D686B13F8B3}
		{5E1D181C-4F88-446A-AFDB-A7BDF5E4FCEE} = {BB0D2E0B-86F5-48F7-9ADC-6D686B13F8B3}
		{3E6A2101-00FC-4827-B637-2B71BD34CA34} = {5E1D181C-4F88-446A-AFDB-A7BDF5E4FCEE}
		{8E0AFD60-B59B-4297-84F2-279E0852847A} = {7945BAC6-59B7-47E0-821A-DDA3368D27B2}
		{03AC3B13-3ED4-44BE-90E4-0A7AEF462245} = {7945BAC6-59B7-47E0-821A-DDA3368D27B2}
		{8CF6EC89-59A7-402E-8E78-6601F4A14987} = {7945BAC6-59B7-47E0-821A-DDA3368D27B2}
		{4DF8A76C-99F9-4CDD-9A39-579242A477BF} = {BB0D2E0B-86F5-48F7-9ADC-6D686B13F8B3}
		{F73BBD5F-1E08-4BA8-9EBC-B293499C6343} = {4DF8A76C-99F9-4CDD-9A39-579242A477BF}
	EndGlobalSection
	GlobalSection(ExtensibilityGlobals) = postSolution
		SolutionGuid = {A2067D6B-4C2E-4EDC-8319-6F20E33ACD92}
	EndGlobalSection
EndGlobal
