
Microsoft Visual Studio Solution File, Format Version 12.00
# Visual Studio Version 17
VisualStudioVersion = 17.4.33122.133
MinimumVisualStudioVersion = 10.0.40219.1
Project("{FAE04EC0-301F-11D3-BF4B-00C04F79EFBC}") = "Authentication.Domain", "Authentication.Domain\Authentication.Domain.csproj", "{7B7B5C3E-AB5D-49B6-AFD9-4015463C692E}"
EndProject
Project("{FAE04EC0-301F-11D3-BF4B-00C04F79EFBC}") = "Authentication.Data", "Authentication.Data\Authentication.Data.csproj", "{8B6807BD-261E-4DE1-96C4-250BE467760D}"
EndProject
Project("{9A19103F-16F7-4668-BE54-9A1E7A4F7556}") = "Base30.Core", "..\..\Base_30\Base30.Core\Base30.Core.csproj", "{FD9379E8-0AD4-44C0-A45A-A6E107C95157}"
EndProject
Project("{FAE04EC0-301F-11D3-BF4B-00C04F79EFBC}") = "Authentication.Application", "Authentication.Application\Authentication.Application.csproj", "{4133E5C0-66C2-4C01-B161-70E4282A6C2B}"
EndProject
Global
	GlobalSection(SolutionConfigurationPlatforms) = preSolution
		Debug|Any CPU = Debug|Any CPU
		Release|Any CPU = Release|Any CPU
	EndGlobalSection
	GlobalSection(ProjectConfigurationPlatforms) = postSolution
		{7B7B5C3E-AB5D-49B6-AFD9-4015463C692E}.Debug|Any CPU.ActiveCfg = Debug|Any CPU
		{7B7B5C3E-AB5D-49B6-AFD9-4015463C692E}.Debug|Any CPU.Build.0 = Debug|Any CPU
		{7B7B5C3E-AB5D-49B6-AFD9-4015463C692E}.Release|Any CPU.ActiveCfg = Release|Any CPU
		{7B7B5C3E-AB5D-49B6-AFD9-4015463C692E}.Release|Any CPU.Build.0 = Release|Any CPU
		{8B6807BD-261E-4DE1-96C4-250BE467760D}.Debug|Any CPU.ActiveCfg = Debug|Any CPU
		{8B6807BD-261E-4DE1-96C4-250BE467760D}.Debug|Any CPU.Build.0 = Debug|Any CPU
		{8B6807BD-261E-4DE1-96C4-250BE467760D}.Release|Any CPU.ActiveCfg = Release|Any CPU
		{8B6807BD-261E-4DE1-96C4-250BE467760D}.Release|Any CPU.Build.0 = Release|Any CPU
		{FD9379E8-0AD4-44C0-A45A-A6E107C95157}.Debug|Any CPU.ActiveCfg = Debug|Any CPU
		{FD9379E8-0AD4-44C0-A45A-A6E107C95157}.Debug|Any CPU.Build.0 = Debug|Any CPU
		{FD9379E8-0AD4-44C0-A45A-A6E107C95157}.Release|Any CPU.ActiveCfg = Release|Any CPU
		{FD9379E8-0AD4-44C0-A45A-A6E107C95157}.Release|Any CPU.Build.0 = Release|Any CPU
		{4133E5C0-66C2-4C01-B161-70E4282A6C2B}.Debug|Any CPU.ActiveCfg = Debug|Any CPU
		{4133E5C0-66C2-4C01-B161-70E4282A6C2B}.Debug|Any CPU.Build.0 = Debug|Any CPU
		{4133E5C0-66C2-4C01-B161-70E4282A6C2B}.Release|Any CPU.ActiveCfg = Release|Any CPU
		{4133E5C0-66C2-4C01-B161-70E4282A6C2B}.Release|Any CPU.Build.0 = Release|Any CPU
	EndGlobalSection
	GlobalSection(SolutionProperties) = preSolution
		HideSolutionNode = FALSE
	EndGlobalSection
	GlobalSection(ExtensibilityGlobals) = postSolution
		SolutionGuid = {303A652E-0CA8-40F3-843B-FDEC92955621}
	EndGlobalSection
EndGlobal
